
Microsoft Visual Studio Solution File, Format Version 12.00
# Visual Studio Version 16
VisualStudioVersion = 16.0.32228.343
MinimumVisualStudioVersion = 10.0.40219.1
Project("{FAE04EC0-301F-11D3-BF4B-00C04F79EFBC}") = "Calc", "Calc.csproj", "{0FB6E20C-9589-4CF4-909C-4AF5E86EDAED}"
EndProject
Project("{FAE04EC0-301F-11D3-BF4B-00C04F79EFBC}") = "TestProject1", "..\TestProject1\TestProject1.csproj", "{AEB315EF-A0AD-4B7B-A71C-D991898D1E05}"
EndProject
Global
	GlobalSection(SolutionConfigurationPlatforms) = preSolution
		Debug|Any CPU = Debug|Any CPU
		Release|Any CPU = Release|Any CPU
	EndGlobalSection
	GlobalSection(ProjectConfigurationPlatforms) = postSolution
		{0FB6E20C-9589-4CF4-909C-4AF5E86EDAED}.Debug|Any CPU.ActiveCfg = Debug|Any CPU
		{0FB6E20C-9589-4CF4-909C-4AF5E86EDAED}.Debug|Any CPU.Build.0 = Debug|Any CPU
		{0FB6E20C-9589-4CF4-909C-4AF5E86EDAED}.Release|Any CPU.ActiveCfg = Release|Any CPU
		{0FB6E20C-9589-4CF4-909C-4AF5E86EDAED}.Release|Any CPU.Build.0 = Release|Any CPU
		{AEB315EF-A0AD-4B7B-A71C-D991898D1E05}.Debug|Any CPU.ActiveCfg = Debug|Any CPU
		{AEB315EF-A0AD-4B7B-A71C-D991898D1E05}.Debug|Any CPU.Build.0 = Debug|Any CPU
		{AEB315EF-A0AD-4B7B-A71C-D991898D1E05}.Release|Any CPU.ActiveCfg = Release|Any CPU
		{AEB315EF-A0AD-4B7B-A71C-D991898D1E05}.Release|Any CPU.Build.0 = Release|Any CPU
	EndGlobalSection
	GlobalSection(SolutionProperties) = preSolution
		HideSolutionNode = FALSE
	EndGlobalSection
	GlobalSection(ExtensibilityGlobals) = postSolution
		SolutionGuid = {7478E71A-AAA8-4B5D-B6E1-B64D50A94F20}
	EndGlobalSection
EndGlobal
